
Microsoft Visual Studio Solution File, Format Version 12.00
# Visual Studio Version 17
VisualStudioVersion = 17.2.32602.215
MinimumVisualStudioVersion = 10.0.40219.1
Project("{9A19103F-16F7-4668-BE54-9A1E7A4F7556}") = "DCity Bank UI", "DCity Bank\DCity Bank UI.csproj", "{62FA38DB-ACD1-41BA-B512-EB2A1BFF3668}"
EndProject
Project("{9A19103F-16F7-4668-BE54-9A1E7A4F7556}") = "DCity Bank Core", "DCity Bank Core\DCity Bank Core.csproj", "{F5E33BFE-D066-4C93-8956-1E44317F8EFB}"
EndProject
Project("{FAE04EC0-301F-11D3-BF4B-00C04F79EFBC}") = "Models", "Models\Models.csproj", "{90187E3C-B7AD-4099-A00A-84D613E934B3}"
EndProject
Project("{FAE04EC0-301F-11D3-BF4B-00C04F79EFBC}") = "storage", "storage\storage.csproj", "{4E30C6F1-0CA2-42C4-9A37-8E8D527B2364}"
EndProject
Global
	GlobalSection(SolutionConfigurationPlatforms) = preSolution
		Debug|Any CPU = Debug|Any CPU
		Release|Any CPU = Release|Any CPU
	EndGlobalSection
	GlobalSection(ProjectConfigurationPlatforms) = postSolution
		{62FA38DB-ACD1-41BA-B512-EB2A1BFF3668}.Debug|Any CPU.ActiveCfg = Debug|Any CPU
		{62FA38DB-ACD1-41BA-B512-EB2A1BFF3668}.Debug|Any CPU.Build.0 = Debug|Any CPU
		{62FA38DB-ACD1-41BA-B512-EB2A1BFF3668}.Release|Any CPU.ActiveCfg = Release|Any CPU
		{62FA38DB-ACD1-41BA-B512-EB2A1BFF3668}.Release|Any CPU.Build.0 = Release|Any CPU
		{F5E33BFE-D066-4C93-8956-1E44317F8EFB}.Debug|Any CPU.ActiveCfg = Debug|Any CPU
		{F5E33BFE-D066-4C93-8956-1E44317F8EFB}.Debug|Any CPU.Build.0 = Debug|Any CPU
		{F5E33BFE-D066-4C93-8956-1E44317F8EFB}.Release|Any CPU.ActiveCfg = Release|Any CPU
		{F5E33BFE-D066-4C93-8956-1E44317F8EFB}.Release|Any CPU.Build.0 = Release|Any CPU
		{90187E3C-B7AD-4099-A00A-84D613E934B3}.Debug|Any CPU.ActiveCfg = Debug|Any CPU
		{90187E3C-B7AD-4099-A00A-84D613E934B3}.Debug|Any CPU.Build.0 = Debug|Any CPU
		{90187E3C-B7AD-4099-A00A-84D613E934B3}.Release|Any CPU.ActiveCfg = Release|Any CPU
		{90187E3C-B7AD-4099-A00A-84D613E934B3}.Release|Any CPU.Build.0 = Release|Any CPU
		{4E30C6F1-0CA2-42C4-9A37-8E8D527B2364}.Debug|Any CPU.ActiveCfg = Debug|Any CPU
		{4E30C6F1-0CA2-42C4-9A37-8E8D527B2364}.Debug|Any CPU.Build.0 = Debug|Any CPU
		{4E30C6F1-0CA2-42C4-9A37-8E8D527B2364}.Release|Any CPU.ActiveCfg = Release|Any CPU
		{4E30C6F1-0CA2-42C4-9A37-8E8D527B2364}.Release|Any CPU.Build.0 = Release|Any CPU
	EndGlobalSection
	GlobalSection(SolutionProperties) = preSolution
		HideSolutionNode = FALSE
	EndGlobalSection
	GlobalSection(ExtensibilityGlobals) = postSolution
		SolutionGuid = {4A7D03E2-9F93-49AD-AD3B-57D068B72CCC}
	EndGlobalSection
EndGlobal
